
Microsoft Visual Studio Solution File, Format Version 12.00
# Visual Studio Version 17
VisualStudioVersion = 17.5.002.0
MinimumVisualStudioVersion = 10.0.40219.1
Project("{9A19103F-16F7-4668-BE54-9A1E7A4F7556}") = "WebApp", "WebApp.csproj", "{BDD40E53-8277-496B-B63C-3F8D283C9E27}"
EndProject
Global
	GlobalSection(SolutionConfigurationPlatforms) = preSolution
		Debug|Any CPU = Debug|Any CPU
		Release|Any CPU = Release|Any CPU
	EndGlobalSection
	GlobalSection(ProjectConfigurationPlatforms) = postSolution
		{BDD40E53-8277-496B-B63C-3F8D283C9E27}.Debug|Any CPU.ActiveCfg = Debug|Any CPU
		{BDD40E53-8277-496B-B63C-3F8D283C9E27}.Debug|Any CPU.Build.0 = Debug|Any CPU
		{BDD40E53-8277-496B-B63C-3F8D283C9E27}.Release|Any CPU.ActiveCfg = Release|Any CPU
		{BDD40E53-8277-496B-B63C-3F8D283C9E27}.Release|Any CPU.Build.0 = Release|Any CPU
	EndGlobalSection
	GlobalSection(SolutionProperties) = preSolution
		HideSolutionNode = FALSE
	EndGlobalSection
	GlobalSection(ExtensibilityGlobals) = postSolution
		SolutionGuid = {12B15631-D6F5-4EB6-96DF-44D8031D10D0}
	EndGlobalSection
EndGlobal
